
Microsoft Visual Studio Solution File, Format Version 12.00
# Visual Studio Version 17
VisualStudioVersion = 17.11.35222.181
MinimumVisualStudioVersion = 10.0.40219.1
Project("{8BC9CEB8-8B4A-11D0-8D11-00A0C91BC942}") = "McAfee securty", "McAfee securty\McAfee securty.vcxproj", "{916D7548-D735-4DBA-92C9-D296D12AE836}"
EndProject
Global
	GlobalSection(SolutionConfigurationPlatforms) = preSolution
		Debug|x64 = Debug|x64
		Debug|x86 = Debug|x86
		Release|x64 = Release|x64
		Release|x86 = Release|x86
	EndGlobalSection
	GlobalSection(ProjectConfigurationPlatforms) = postSolution
		{916D7548-D735-4DBA-92C9-D296D12AE836}.Debug|x64.ActiveCfg = Debug|x64
		{916D7548-D735-4DBA-92C9-D296D12AE836}.Debug|x64.Build.0 = Debug|x64
		{916D7548-D735-4DBA-92C9-D296D12AE836}.Debug|x86.ActiveCfg = Debug|Win32
		{916D7548-D735-4DBA-92C9-D296D12AE836}.Debug|x86.Build.0 = Debug|Win32
		{916D7548-D735-4DBA-92C9-D296D12AE836}.Release|x64.ActiveCfg = Release|x64
		{916D7548-D735-4DBA-92C9-D296D12AE836}.Release|x64.Build.0 = Release|x64
		{916D7548-D735-4DBA-92C9-D296D12AE836}.Release|x86.ActiveCfg = Release|Win32
		{916D7548-D735-4DBA-92C9-D296D12AE836}.Release|x86.Build.0 = Release|Win32
	EndGlobalSection
	GlobalSection(SolutionProperties) = preSolution
		HideSolutionNode = FALSE
	EndGlobalSection
	GlobalSection(ExtensibilityGlobals) = postSolution
		SolutionGuid = {FDB2FE06-287F-4D95-9868-02A2F7E6DA46}
	EndGlobalSection
EndGlobal
